
Microsoft Visual Studio Solution File, Format Version 12.00
# Visual Studio Version 17
VisualStudioVersion = 17.4.33213.308
MinimumVisualStudioVersion = 10.0.40219.1
Project("{9A19103F-16F7-4668-BE54-9A1E7A4F7556}") = "BF.API", "BidFood.API\BF.API.csproj", "{FBC346FF-A915-4A6F-8A68-BBAB1740B090}"
EndProject
Global
	GlobalSection(SolutionConfigurationPlatforms) = preSolution
		Debug|Any CPU = Debug|Any CPU
		Release|Any CPU = Release|Any CPU
	EndGlobalSection
	GlobalSection(ProjectConfigurationPlatforms) = postSolution
		{FBC346FF-A915-4A6F-8A68-BBAB1740B090}.Debug|Any CPU.ActiveCfg = Debug|Any CPU
		{FBC346FF-A915-4A6F-8A68-BBAB1740B090}.Debug|Any CPU.Build.0 = Debug|Any CPU
		{FBC346FF-A915-4A6F-8A68-BBAB1740B090}.Release|Any CPU.ActiveCfg = Release|Any CPU
		{FBC346FF-A915-4A6F-8A68-BBAB1740B090}.Release|Any CPU.Build.0 = Release|Any CPU
	EndGlobalSection
	GlobalSection(SolutionProperties) = preSolution
		HideSolutionNode = FALSE
	EndGlobalSection
	GlobalSection(ExtensibilityGlobals) = postSolution
		SolutionGuid = {19D2BFB0-489D-4459-99EF-831DBD3E13A0}
	EndGlobalSection
EndGlobal
